
Microsoft Visual Studio Solution File, Format Version 12.00
# Visual Studio 15
VisualStudioVersion = 15.0.26124.0
MinimumVisualStudioVersion = 15.0.26124.0
Project("{FAE04EC0-301F-11D3-BF4B-00C04F79EFBC}") = "MarkI.Login", "src\MarkI.Login\MarkI.Login.csproj", "{0A738AE4-79C0-4B76-ADF6-F46B89EF8650}"
EndProject
Project("{FAE04EC0-301F-11D3-BF4B-00C04F79EFBC}") = "MarkI.Login.Tests", "Test\MarkI.Login.Tests\MarkI.Login.Tests.csproj", "{338C41CB-CF07-47A4-8D93-B2E4BA77ED03}"
EndProject
Project("{FAE04EC0-301F-11D3-BF4B-00C04F79EFBC}") = "MarkI.IRepository", "src\MarkI.IRepository\MarkI.IRepository.csproj", "{67BD38E8-204C-4E36-9271-ABD10A8A5870}"
EndProject
Project("{FAE04EC0-301F-11D3-BF4B-00C04F79EFBC}") = "MarkI.WebApi", "src\MarkI.WebApi\MarkI.WebApi.csproj", "{881B56E7-2186-4C43-8850-2DC64E55C6C5}"
EndProject
Project("{2150E333-8FDC-42A3-9474-1A3956D46DE8}") = "Test", "Test", "{75BA33FA-0BBA-4A15-AFC5-9BD9679A0CC5}"
EndProject
Project("{FAE04EC0-301F-11D3-BF4B-00C04F79EFBC}") = "MarkI.WebApi.Tests", "Test\MarkI.WebApi.Tests\MarkI.WebApi.Tests.csproj", "{75010EC0-1958-45B8-92D6-AB2CE71A8F64}"
EndProject
Project("{FAE04EC0-301F-11D3-BF4B-00C04F79EFBC}") = "MarkI.Services.Tests", "Test\MarkI.Services.Tests\MarkI.Services.Tests.csproj", "{1DD88F95-91E7-4754-9880-6B0E5BFEEF6A}"
EndProject
Project("{2150E333-8FDC-42A3-9474-1A3956D46DE8}") = "src", "src", "{495455BC-5D96-495A-9F18-282827269691}"
EndProject
Project("{FAE04EC0-301F-11D3-BF4B-00C04F79EFBC}") = "MarkI.Services", "src\MarkI.Services\MarkI.Services.csproj", "{02E892F8-AF58-4152-829F-5180D5962A1F}"
EndProject
Project("{FAE04EC0-301F-11D3-BF4B-00C04F79EFBC}") = "MarkI.Domain", "src\MarkI.Domain\MarkI.Domain.csproj", "{515146ED-725F-449A-946E-5FFDF66B86B2}"
EndProject
Project("{FAE04EC0-301F-11D3-BF4B-00C04F79EFBC}") = "MarkI.Repository", "src\MarkI.Repository\MarkI.Repository.csproj", "{04B41D16-105F-49E8-8670-0485E95F8A43}"
EndProject
Project("{FAE04EC0-301F-11D3-BF4B-00C04F79EFBC}") = "MarkI.RepositoryTests", "Test\MarkI.RepositoryTests\MarkI.RepositoryTests.csproj", "{21ABEF17-A83A-4478-98CD-671A95BCEC16}"
EndProject
Global
	GlobalSection(SolutionConfigurationPlatforms) = preSolution
		Debug|Any CPU = Debug|Any CPU
		Debug|x64 = Debug|x64
		Debug|x86 = Debug|x86
		Release|Any CPU = Release|Any CPU
		Release|x64 = Release|x64
		Release|x86 = Release|x86
	EndGlobalSection
	GlobalSection(SolutionProperties) = preSolution
		HideSolutionNode = FALSE
	EndGlobalSection
	GlobalSection(ProjectConfigurationPlatforms) = postSolution
		{0A738AE4-79C0-4B76-ADF6-F46B89EF8650}.Debug|Any CPU.ActiveCfg = Debug|Any CPU
		{0A738AE4-79C0-4B76-ADF6-F46B89EF8650}.Debug|Any CPU.Build.0 = Debug|Any CPU
		{0A738AE4-79C0-4B76-ADF6-F46B89EF8650}.Debug|x64.ActiveCfg = Debug|Any CPU
		{0A738AE4-79C0-4B76-ADF6-F46B89EF8650}.Debug|x64.Build.0 = Debug|Any CPU
		{0A738AE4-79C0-4B76-ADF6-F46B89EF8650}.Debug|x86.ActiveCfg = Debug|Any CPU
		{0A738AE4-79C0-4B76-ADF6-F46B89EF8650}.Debug|x86.Build.0 = Debug|Any CPU
		{0A738AE4-79C0-4B76-ADF6-F46B89EF8650}.Release|Any CPU.ActiveCfg = Release|Any CPU
		{0A738AE4-79C0-4B76-ADF6-F46B89EF8650}.Release|Any CPU.Build.0 = Release|Any CPU
		{0A738AE4-79C0-4B76-ADF6-F46B89EF8650}.Release|x64.ActiveCfg = Release|Any CPU
		{0A738AE4-79C0-4B76-ADF6-F46B89EF8650}.Release|x64.Build.0 = Release|Any CPU
		{0A738AE4-79C0-4B76-ADF6-F46B89EF8650}.Release|x86.ActiveCfg = Release|Any CPU
		{0A738AE4-79C0-4B76-ADF6-F46B89EF8650}.Release|x86.Build.0 = Release|Any CPU
		{338C41CB-CF07-47A4-8D93-B2E4BA77ED03}.Debug|Any CPU.ActiveCfg = Debug|Any CPU
		{338C41CB-CF07-47A4-8D93-B2E4BA77ED03}.Debug|Any CPU.Build.0 = Debug|Any CPU
		{338C41CB-CF07-47A4-8D93-B2E4BA77ED03}.Debug|x64.ActiveCfg = Debug|Any CPU
		{338C41CB-CF07-47A4-8D93-B2E4BA77ED03}.Debug|x64.Build.0 = Debug|Any CPU
		{338C41CB-CF07-47A4-8D93-B2E4BA77ED03}.Debug|x86.ActiveCfg = Debug|Any CPU
		{338C41CB-CF07-47A4-8D93-B2E4BA77ED03}.Debug|x86.Build.0 = Debug|Any CPU
		{338C41CB-CF07-47A4-8D93-B2E4BA77ED03}.Release|Any CPU.ActiveCfg = Release|Any CPU
		{338C41CB-CF07-47A4-8D93-B2E4BA77ED03}.Release|Any CPU.Build.0 = Release|Any CPU
		{338C41CB-CF07-47A4-8D93-B2E4BA77ED03}.Release|x64.ActiveCfg = Release|Any CPU
		{338C41CB-CF07-47A4-8D93-B2E4BA77ED03}.Release|x64.Build.0 = Release|Any CPU
		{338C41CB-CF07-47A4-8D93-B2E4BA77ED03}.Release|x86.ActiveCfg = Release|Any CPU
		{338C41CB-CF07-47A4-8D93-B2E4BA77ED03}.Release|x86.Build.0 = Release|Any CPU
		{67BD38E8-204C-4E36-9271-ABD10A8A5870}.Debug|Any CPU.ActiveCfg = Debug|Any CPU
		{67BD38E8-204C-4E36-9271-ABD10A8A5870}.Debug|Any CPU.Build.0 = Debug|Any CPU
		{67BD38E8-204C-4E36-9271-ABD10A8A5870}.Debug|x64.ActiveCfg = Debug|Any CPU
		{67BD38E8-204C-4E36-9271-ABD10A8A5870}.Debug|x64.Build.0 = Debug|Any CPU
		{67BD38E8-204C-4E36-9271-ABD10A8A5870}.Debug|x86.ActiveCfg = Debug|Any CPU
		{67BD38E8-204C-4E36-9271-ABD10A8A5870}.Debug|x86.Build.0 = Debug|Any CPU
		{67BD38E8-204C-4E36-9271-ABD10A8A5870}.Release|Any CPU.ActiveCfg = Release|Any CPU
		{67BD38E8-204C-4E36-9271-ABD10A8A5870}.Release|Any CPU.Build.0 = Release|Any CPU
		{67BD38E8-204C-4E36-9271-ABD10A8A5870}.Release|x64.ActiveCfg = Release|Any CPU
		{67BD38E8-204C-4E36-9271-ABD10A8A5870}.Release|x64.Build.0 = Release|Any CPU
		{67BD38E8-204C-4E36-9271-ABD10A8A5870}.Release|x86.ActiveCfg = Release|Any CPU
		{67BD38E8-204C-4E36-9271-ABD10A8A5870}.Release|x86.Build.0 = Release|Any CPU
		{881B56E7-2186-4C43-8850-2DC64E55C6C5}.Debug|Any CPU.ActiveCfg = Debug|Any CPU
		{881B56E7-2186-4C43-8850-2DC64E55C6C5}.Debug|Any CPU.Build.0 = Debug|Any CPU
		{881B56E7-2186-4C43-8850-2DC64E55C6C5}.Debug|x64.ActiveCfg = Debug|x64
		{881B56E7-2186-4C43-8850-2DC64E55C6C5}.Debug|x64.Build.0 = Debug|x64
		{881B56E7-2186-4C43-8850-2DC64E55C6C5}.Debug|x86.ActiveCfg = Debug|x86
		{881B56E7-2186-4C43-8850-2DC64E55C6C5}.Debug|x86.Build.0 = Debug|x86
		{881B56E7-2186-4C43-8850-2DC64E55C6C5}.Release|Any CPU.ActiveCfg = Release|Any CPU
		{881B56E7-2186-4C43-8850-2DC64E55C6C5}.Release|Any CPU.Build.0 = Release|Any CPU
		{881B56E7-2186-4C43-8850-2DC64E55C6C5}.Release|x64.ActiveCfg = Release|x64
		{881B56E7-2186-4C43-8850-2DC64E55C6C5}.Release|x64.Build.0 = Release|x64
		{881B56E7-2186-4C43-8850-2DC64E55C6C5}.Release|x86.ActiveCfg = Release|x86
		{881B56E7-2186-4C43-8850-2DC64E55C6C5}.Release|x86.Build.0 = Release|x86
		{75010EC0-1958-45B8-92D6-AB2CE71A8F64}.Debug|Any CPU.ActiveCfg = Debug|Any CPU
		{75010EC0-1958-45B8-92D6-AB2CE71A8F64}.Debug|Any CPU.Build.0 = Debug|Any CPU
		{75010EC0-1958-45B8-92D6-AB2CE71A8F64}.Debug|x64.ActiveCfg = Debug|x64
		{75010EC0-1958-45B8-92D6-AB2CE71A8F64}.Debug|x64.Build.0 = Debug|x64
		{75010EC0-1958-45B8-92D6-AB2CE71A8F64}.Debug|x86.ActiveCfg = Debug|x86
		{75010EC0-1958-45B8-92D6-AB2CE71A8F64}.Debug|x86.Build.0 = Debug|x86
		{75010EC0-1958-45B8-92D6-AB2CE71A8F64}.Release|Any CPU.ActiveCfg = Release|Any CPU
		{75010EC0-1958-45B8-92D6-AB2CE71A8F64}.Release|Any CPU.Build.0 = Release|Any CPU
		{75010EC0-1958-45B8-92D6-AB2CE71A8F64}.Release|x64.ActiveCfg = Release|x64
		{75010EC0-1958-45B8-92D6-AB2CE71A8F64}.Release|x64.Build.0 = Release|x64
		{75010EC0-1958-45B8-92D6-AB2CE71A8F64}.Release|x86.ActiveCfg = Release|x86
		{75010EC0-1958-45B8-92D6-AB2CE71A8F64}.Release|x86.Build.0 = Release|x86
		{1DD88F95-91E7-4754-9880-6B0E5BFEEF6A}.Debug|Any CPU.ActiveCfg = Debug|Any CPU
		{1DD88F95-91E7-4754-9880-6B0E5BFEEF6A}.Debug|Any CPU.Build.0 = Debug|Any CPU
		{1DD88F95-91E7-4754-9880-6B0E5BFEEF6A}.Debug|x64.ActiveCfg = Debug|Any CPU
		{1DD88F95-91E7-4754-9880-6B0E5BFEEF6A}.Debug|x64.Build.0 = Debug|Any CPU
		{1DD88F95-91E7-4754-9880-6B0E5BFEEF6A}.Debug|x86.ActiveCfg = Debug|Any CPU
		{1DD88F95-91E7-4754-9880-6B0E5BFEEF6A}.Debug|x86.Build.0 = Debug|Any CPU
		{1DD88F95-91E7-4754-9880-6B0E5BFEEF6A}.Release|Any CPU.ActiveCfg = Release|Any CPU
		{1DD88F95-91E7-4754-9880-6B0E5BFEEF6A}.Release|Any CPU.Build.0 = Release|Any CPU
		{1DD88F95-91E7-4754-9880-6B0E5BFEEF6A}.Release|x64.ActiveCfg = Release|Any CPU
		{1DD88F95-91E7-4754-9880-6B0E5BFEEF6A}.Release|x64.Build.0 = Release|Any CPU
		{1DD88F95-91E7-4754-9880-6B0E5BFEEF6A}.Release|x86.ActiveCfg = Release|Any CPU
		{1DD88F95-91E7-4754-9880-6B0E5BFEEF6A}.Release|x86.Build.0 = Release|Any CPU
		{02E892F8-AF58-4152-829F-5180D5962A1F}.Debug|Any CPU.ActiveCfg = Debug|Any CPU
		{02E892F8-AF58-4152-829F-5180D5962A1F}.Debug|Any CPU.Build.0 = Debug|Any CPU
		{02E892F8-AF58-4152-829F-5180D5962A1F}.Debug|x64.ActiveCfg = Debug|Any CPU
		{02E892F8-AF58-4152-829F-5180D5962A1F}.Debug|x64.Build.0 = Debug|Any CPU
		{02E892F8-AF58-4152-829F-5180D5962A1F}.Debug|x86.ActiveCfg = Debug|Any CPU
		{02E892F8-AF58-4152-829F-5180D5962A1F}.Debug|x86.Build.0 = Debug|Any CPU
		{02E892F8-AF58-4152-829F-5180D5962A1F}.Release|Any CPU.ActiveCfg = Release|Any CPU
		{02E892F8-AF58-4152-829F-5180D5962A1F}.Release|Any CPU.Build.0 = Release|Any CPU
		{02E892F8-AF58-4152-829F-5180D5962A1F}.Release|x64.ActiveCfg = Release|Any CPU
		{02E892F8-AF58-4152-829F-5180D5962A1F}.Release|x64.Build.0 = Release|Any CPU
		{02E892F8-AF58-4152-829F-5180D5962A1F}.Release|x86.ActiveCfg = Release|Any CPU
		{02E892F8-AF58-4152-829F-5180D5962A1F}.Release|x86.Build.0 = Release|Any CPU
		{515146ED-725F-449A-946E-5FFDF66B86B2}.Debug|Any CPU.ActiveCfg = Debug|Any CPU
		{515146ED-725F-449A-946E-5FFDF66B86B2}.Debug|Any CPU.Build.0 = Debug|Any CPU
		{515146ED-725F-449A-946E-5FFDF66B86B2}.Debug|x64.ActiveCfg = Debug|Any CPU
		{515146ED-725F-449A-946E-5FFDF66B86B2}.Debug|x64.Build.0 = Debug|Any CPU
		{515146ED-725F-449A-946E-5FFDF66B86B2}.Debug|x86.ActiveCfg = Debug|Any CPU
		{515146ED-725F-449A-946E-5FFDF66B86B2}.Debug|x86.Build.0 = Debug|Any CPU
		{515146ED-725F-449A-946E-5FFDF66B86B2}.Release|Any CPU.ActiveCfg = Release|Any CPU
		{515146ED-725F-449A-946E-5FFDF66B86B2}.Release|Any CPU.Build.0 = Release|Any CPU
		{515146ED-725F-449A-946E-5FFDF66B86B2}.Release|x64.ActiveCfg = Release|Any CPU
		{515146ED-725F-449A-946E-5FFDF66B86B2}.Release|x64.Build.0 = Release|Any CPU
		{515146ED-725F-449A-946E-5FFDF66B86B2}.Release|x86.ActiveCfg = Release|Any CPU
		{515146ED-725F-449A-946E-5FFDF66B86B2}.Release|x86.Build.0 = Release|Any CPU
		{04B41D16-105F-49E8-8670-0485E95F8A43}.Debug|Any CPU.ActiveCfg = Debug|Any CPU
		{04B41D16-105F-49E8-8670-0485E95F8A43}.Debug|Any CPU.Build.0 = Debug|Any CPU
		{04B41D16-105F-49E8-8670-0485E95F8A43}.Debug|x64.ActiveCfg = Debug|Any CPU
		{04B41D16-105F-49E8-8670-0485E95F8A43}.Debug|x64.Build.0 = Debug|Any CPU
		{04B41D16-105F-49E8-8670-0485E95F8A43}.Debug|x86.ActiveCfg = Debug|Any CPU
		{04B41D16-105F-49E8-8670-0485E95F8A43}.Debug|x86.Build.0 = Debug|Any CPU
		{04B41D16-105F-49E8-8670-0485E95F8A43}.Release|Any CPU.ActiveCfg = Release|Any CPU
		{04B41D16-105F-49E8-8670-0485E95F8A43}.Release|Any CPU.Build.0 = Release|Any CPU
		{04B41D16-105F-49E8-8670-0485E95F8A43}.Release|x64.ActiveCfg = Release|Any CPU
		{04B41D16-105F-49E8-8670-0485E95F8A43}.Release|x64.Build.0 = Release|Any CPU
		{04B41D16-105F-49E8-8670-0485E95F8A43}.Release|x86.ActiveCfg = Release|Any CPU
		{04B41D16-105F-49E8-8670-0485E95F8A43}.Release|x86.Build.0 = Release|Any CPU
		{21ABEF17-A83A-4478-98CD-671A95BCEC16}.Debug|Any CPU.ActiveCfg = Debug|Any CPU
		{21ABEF17-A83A-4478-98CD-671A95BCEC16}.Debug|Any CPU.Build.0 = Debug|Any CPU
		{21ABEF17-A83A-4478-98CD-671A95BCEC16}.Debug|x64.ActiveCfg = Debug|Any CPU
		{21ABEF17-A83A-4478-98CD-671A95BCEC16}.Debug|x64.Build.0 = Debug|Any CPU
		{21ABEF17-A83A-4478-98CD-671A95BCEC16}.Debug|x86.ActiveCfg = Debug|Any CPU
		{21ABEF17-A83A-4478-98CD-671A95BCEC16}.Debug|x86.Build.0 = Debug|Any CPU
		{21ABEF17-A83A-4478-98CD-671A95BCEC16}.Release|Any CPU.ActiveCfg = Release|Any CPU
		{21ABEF17-A83A-4478-98CD-671A95BCEC16}.Release|Any CPU.Build.0 = Release|Any CPU
		{21ABEF17-A83A-4478-98CD-671A95BCEC16}.Release|x64.ActiveCfg = Release|Any CPU
		{21ABEF17-A83A-4478-98CD-671A95BCEC16}.Release|x64.Build.0 = Release|Any CPU
		{21ABEF17-A83A-4478-98CD-671A95BCEC16}.Release|x86.ActiveCfg = Release|Any CPU
		{21ABEF17-A83A-4478-98CD-671A95BCEC16}.Release|x86.Build.0 = Release|Any CPU
	EndGlobalSection
	GlobalSection(NestedProjects) = preSolution
		{75010EC0-1958-45B8-92D6-AB2CE71A8F64} = {75BA33FA-0BBA-4A15-AFC5-9BD9679A0CC5}
		{1DD88F95-91E7-4754-9880-6B0E5BFEEF6A} = {75BA33FA-0BBA-4A15-AFC5-9BD9679A0CC5}
		{02E892F8-AF58-4152-829F-5180D5962A1F} = {495455BC-5D96-495A-9F18-282827269691}
		{515146ED-725F-449A-946E-5FFDF66B86B2} = {495455BC-5D96-495A-9F18-282827269691}
		{04B41D16-105F-49E8-8670-0485E95F8A43} = {495455BC-5D96-495A-9F18-282827269691}
		{21ABEF17-A83A-4478-98CD-671A95BCEC16} = {75BA33FA-0BBA-4A15-AFC5-9BD9679A0CC5}
	EndGlobalSection
EndGlobal
